PODS:
  - SweetStringInterpolation (0.1.0)

DEPENDENCIES:
  - SweetStringInterpolation (from `../`)

EXTERNAL SOURCES:
  SweetStringInterpolation:
    :path: "../"

SPEC CHECKSUMS:
  SweetStringInterpolation: 6c8abd7fa8c9b466d1bc0ee9c93ce63b8c4416a3

PODFILE CHECKSUM: 0bcdb17d79b4d615c905df8d3e1bfa99d90bd032

COCOAPODS: 1.14.3
